
Microsoft Visual Studio Solution File, Format Version 12.00
# Visual Studio Version 17
VisualStudioVersion = 17.9.34607.119
MinimumVisualStudioVersion = 10.0.40219.1
Project("{9A19103F-16F7-4668-BE54-9A1E7A4F7556}") = "SudokuWebService", "SudokuWebService\SudokuWebService.csproj", "{04D4D37C-ECE6-466B-8C14-568765D73DA7}"
EndProject
Global
	GlobalSection(SolutionConfigurationPlatforms) = preSolution
		Debug|Any CPU = Debug|Any CPU
		Release|Any CPU = Release|Any CPU
	EndGlobalSection
	GlobalSection(ProjectConfigurationPlatforms) = postSolution
		{04D4D37C-ECE6-466B-8C14-568765D73DA7}.Debug|Any CPU.ActiveCfg = Debug|Any CPU
		{04D4D37C-ECE6-466B-8C14-568765D73DA7}.Debug|Any CPU.Build.0 = Debug|Any CPU
		{04D4D37C-ECE6-466B-8C14-568765D73DA7}.Release|Any CPU.ActiveCfg = Release|Any CPU
		{04D4D37C-ECE6-466B-8C14-568765D73DA7}.Release|Any CPU.Build.0 = Release|Any CPU
	EndGlobalSection
	GlobalSection(SolutionProperties) = preSolution
		HideSolutionNode = FALSE
	EndGlobalSection
	GlobalSection(ExtensibilityGlobals) = postSolution
		SolutionGuid = {8D364D19-3F35-4423-895F-360DB1E1F798}
	EndGlobalSection
EndGlobal
